
Microsoft Visual Studio Solution File, Format Version 12.00
# Visual Studio 15
VisualStudioVersion = 15.0.26730.16
MinimumVisualStudioVersion = 10.0.40219.1
Project("{FAE04EC0-301F-11D3-BF4B-00C04F79EFBC}") = "CelebritiesAPI", "CelebritiesAPI\CelebritiesAPI.csproj", "{5008DA50-BDC9-4B89-8FD1-2780437EA01F}"
EndProject
Project("{FAE04EC0-301F-11D3-BF4B-00C04F79EFBC}") = "RepoDAL", "Repo\RepoDAL.csproj", "{66D940BC-3D20-4221-AC88-09A44D3E85D0}"
EndProject
Project("{FAE04EC0-301F-11D3-BF4B-00C04F79EFBC}") = "CelebBLL", "CelebBLL\CelebBLL.csproj", "{41A74040-31FA-415D-9EBE-F1FE422B6ED3}"
EndProject
Global
	GlobalSection(SolutionConfigurationPlatforms) = preSolution
		Debug|Any CPU = Debug|Any CPU
		Release|Any CPU = Release|Any CPU
	EndGlobalSection
	GlobalSection(ProjectConfigurationPlatforms) = postSolution
		{5008DA50-BDC9-4B89-8FD1-2780437EA01F}.Debug|Any CPU.ActiveCfg = Debug|Any CPU
		{5008DA50-BDC9-4B89-8FD1-2780437EA01F}.Debug|Any CPU.Build.0 = Debug|Any CPU
		{5008DA50-BDC9-4B89-8FD1-2780437EA01F}.Release|Any CPU.ActiveCfg = Release|Any CPU
		{5008DA50-BDC9-4B89-8FD1-2780437EA01F}.Release|Any CPU.Build.0 = Release|Any CPU
		{66D940BC-3D20-4221-AC88-09A44D3E85D0}.Debug|Any CPU.ActiveCfg = Debug|Any CPU
		{66D940BC-3D20-4221-AC88-09A44D3E85D0}.Debug|Any CPU.Build.0 = Debug|Any CPU
		{66D940BC-3D20-4221-AC88-09A44D3E85D0}.Release|Any CPU.ActiveCfg = Release|Any CPU
		{66D940BC-3D20-4221-AC88-09A44D3E85D0}.Release|Any CPU.Build.0 = Release|Any CPU
		{41A74040-31FA-415D-9EBE-F1FE422B6ED3}.Debug|Any CPU.ActiveCfg = Debug|Any CPU
		{41A74040-31FA-415D-9EBE-F1FE422B6ED3}.Debug|Any CPU.Build.0 = Debug|Any CPU
		{41A74040-31FA-415D-9EBE-F1FE422B6ED3}.Release|Any CPU.ActiveCfg = Release|Any CPU
		{41A74040-31FA-415D-9EBE-F1FE422B6ED3}.Release|Any CPU.Build.0 = Release|Any CPU
	EndGlobalSection
	GlobalSection(SolutionProperties) = preSolution
		HideSolutionNode = FALSE
	EndGlobalSection
	GlobalSection(ExtensibilityGlobals) = postSolution
		SolutionGuid = {59ABA6AC-7711-40A5-A95A-8956A52CAF2C}
	EndGlobalSection
EndGlobal
